
Microsoft Visual Studio Solution File, Format Version 12.00
# Visual Studio Version 17
VisualStudioVersion = 17.8.34330.188
MinimumVisualStudioVersion = 10.0.40219.1
Project("{FAE04EC0-301F-11D3-BF4B-00C04F79EFBC}") = "OOPS-LAB-3", "OOPS-LAB-3.csproj", "{4713F8B8-65CB-43A6-A82C-A7FA817D4B17}"
EndProject
Global
	GlobalSection(SolutionConfigurationPlatforms) = preSolution
		Debug|Any CPU = Debug|Any CPU
		Release|Any CPU = Release|Any CPU
	EndGlobalSection
	GlobalSection(ProjectConfigurationPlatforms) = postSolution
		{4713F8B8-65CB-43A6-A82C-A7FA817D4B17}.Debug|Any CPU.ActiveCfg = Debug|Any CPU
		{4713F8B8-65CB-43A6-A82C-A7FA817D4B17}.Debug|Any CPU.Build.0 = Debug|Any CPU
		{4713F8B8-65CB-43A6-A82C-A7FA817D4B17}.Release|Any CPU.ActiveCfg = Release|Any CPU
		{4713F8B8-65CB-43A6-A82C-A7FA817D4B17}.Release|Any CPU.Build.0 = Release|Any CPU
	EndGlobalSection
	GlobalSection(SolutionProperties) = preSolution
		HideSolutionNode = FALSE
	EndGlobalSection
	GlobalSection(ExtensibilityGlobals) = postSolution
		SolutionGuid = {47525CE6-4D09-4275-B87E-B2B929B6D6C0}
	EndGlobalSection
EndGlobal
